// !$*UTF8*$!
{
	archiveVersion = 1;
	classes = {
	};
	objectVersion = 46;
	objects = {

/* Begin PBXBuildFile section */
		0BFF5AF91CD877A000604D31 /* AppDelegate.swift in Sources */ = {isa = PBXBuildFile; fileRef = 0BFF5AF81CD877A000604D31 /* AppDelegate.swift */; };
		0BFF5AFB1CD877A000604D31 /* ViewController.swift in Sources */ = {isa = PBXBuildFile; fileRef = 0BFF5AFA1CD877A000604D31 /* ViewController.swift */; };
		0BFF5AFE1CD877A000604D31 /* Main.storyboard in Resources */ = {isa = PBXBuildFile; fileRef = 0BFF5AFC1CD877A000604D31 /* Main.storyboard */; };
		0BFF5B001CD877A000604D31 /* Assets.xcassets in Resources */ = {isa = PBXBuildFile; fileRef = 0BFF5AFF1CD877A000604D31 /* Assets.xcassets */; };
		0BFF5B031CD877A000604D31 /* LaunchScreen.storyboard in Resources */ = {isa = PBXBuildFile; fileRef = 0BFF5B011CD877A000604D31 /* LaunchScreen.storyboard */; };
		0BFF5B0E1CD877A000604D31 /* sampleSocialButtonTests.swift in Sources */ = {isa = PBXBuildFile; fileRef = 0BFF5B0D1CD877A000604D31 /* sampleSocialButtonTests.swift */; };
		0BFF5B191CD877A000604D31 /* sampleSocialButtonUITests.swift in Sources */ = {isa = PBXBuildFile; fileRef = 0BFF5B181CD877A000604D31 /* sampleSocialButtonUITests.swift */; };
/* End PBXBuildFile section */

/* Begin PBXContainerItemProxy section */
		0BFF5B0A1CD877A000604D31 /* PBXContainerItemProxy */ = {
			isa = PBXContainerItemProxy;
			containerPortal = 0BFF5AED1CD877A000604D31 /* Project object */;
			proxyType = 1;
			remoteGlobalIDString = 0BFF5AF41CD877A000604D31;
			remoteInfo = sampleSocialButton;
		};
		0BFF5B151CD877A000604D31 /* PBXContainerItemProxy */ = {
			isa = PBXContainerItemProxy;
			containerPortal = 0BFF5AED1CD877A000604D31 /* Project object */;
			proxyType = 1;
			remoteGlobalIDString = 0BFF5AF41CD877A000604D31;
			remoteInfo = sampleSocialButton;
		};
/* End PBXContainerItemProxy section */

/* Begin PBXFileReference section */
		0BFF5AF51CD877A000604D31 /* sampleSocialButton.app */ = {isa = PBXFileReference; explicitFileType = wrapper.application; includeInIndex = 0; path = sampleSocialButton.app; sourceTree = BUILT_PRODUCTS_DIR; };
		0BFF5AF81CD877A000604D31 /* AppDelegate.swift */ = {isa = PBXFileReference; lastKnownFileType = sourcecode.swift; path = AppDelegate.swift; sourceTree = "<group>"; };
		0BFF5AFA1CD877A000604D31 /* ViewController.swift */ = {isa = PBXFileReference; lastKnownFileType = sourcecode.swift; path = ViewController.swift; sourceTree = "<group>"; };
		0BFF5AFD1CD877A000604D31 /* Base */ = {isa = PBXFileReference; lastKnownFileType = file.storyboard; name = Base; path = Base.lproj/Main.storyboard; sourceTree = "<group>"; };
		0BFF5AFF1CD877A000604D31 /* Assets.xcassets */ = {isa = PBXFileReference; lastKnownFileType = folder.assetcatalog; path = Assets.xcassets; sourceTree = "<group>"; };
		0BFF5B021CD877A000604D31 /* Base */ = {isa = PBXFileReference; lastKnownFileType = file.storyboard; name = Base; path = Base.lproj/LaunchScreen.storyboard; sourceTree = "<group>"; };
		0BFF5B041CD877A000604D31 /* Info.plist */ = {isa = PBXFileReference; lastKnownFileType = text.plist.xml; path = Info.plist; sourceTree = "<group>"; };
		0BFF5B091CD877A000604D31 /* sampleSocialButtonTests.xctest */ = {isa = PBXFileReference; explicitFileType = wrapper.cfbundle; includeInIndex = 0; path = sampleSocialButtonTests.xctest; sourceTree = BUILT_PRODUCTS_DIR; };
		0BFF5B0D1CD877A000604D31 /* sampleSocialButtonTests.swift */ = {isa = PBXFileReference; lastKnownFileType = sourcecode.swift; path = sampleSocialButtonTests.swift; sourceTree = "<group>"; };
		0BFF5B0F1CD877A000604D31 /* Info.plist */ = {isa = PBXFileReference; lastKnownFileType = text.plist.xml; path = Info.plist; sourceTree = "<group>"; };
		0BFF5B141CD877A000604D31 /* sampleSocialButtonUITests.xctest */ = {isa = PBXFileReference; explicitFileType = wrapper.cfbundle; includeInIndex = 0; path = sampleSocialButtonUITests.xctest; sourceTree = BUILT_PRODUCTS_DIR; };
		0BFF5B181CD877A000604D31 /* sampleSocialButtonUITests.swift */ = {isa = PBXFileReference; lastKnownFileType = sourcecode.swift; path = sampleSocialButtonUITests.swift; sourceTree = "<group>"; };
		0BFF5B1A1CD877A000604D31 /* Info.plist */ = {isa = PBXFileReference; lastKnownFileType = text.plist.xml; path = Info.plist; sourceTree = "<group>"; };
/* End PBXFileReference section */

/* Begin PBXFrameworksBuildPhase section */
		0BFF5AF21CD877A000604D31 /* Frameworks */ = {
			isa = PBXFrameworksBuildPhase;
			buildActionMask = 2147483647;
			files = (
			);
			runOnlyForDeploymentPostprocessing = 0;
		};
		0BFF5B061CD877A000604D31 /* Frameworks */ = {
			isa = PBXFrameworksBuildPhase;
			buildActionMask = 2147483647;
			files = (
			);
			runOnlyForDeploymentPostprocessing = 0;
		};
		0BFF5B111CD877A000604D31 /* Frameworks */ = {
			isa = PBXFrameworksBuildPhase;
			buildActionMask = 2147483647;
			files = (
			);
			runOnlyForDeploymentPostprocessing = 0;
		};
/* End PBXFrameworksBuildPhase section */

/* Begin PBXGroup section */
		0BFF5AEC1CD877A000604D31 = {
			isa = PBXGroup;
			children = (
				0BFF5AF71CD877A000604D31 /* sampleSocialButton */,
				0BFF5B0C1CD877A000604D31 /* sampleSocialButtonTests */,
				0BFF5B171CD877A000604D31 /* sampleSocialButtonUITests */,
				0BFF5AF61CD877A000604D31 /* Products */,
			);
			sourceTree = "<group>";
		};
		0BFF5AF61CD877A000604D31 /* Products */ = {
			isa = PBXGroup;
			children = (
				0BFF5AF51CD877A000604D31 /* sampleSocialButton.app */,
				0BFF5B091CD877A000604D31 /* sampleSocialButtonTests.xctest */,
				0BFF5B141CD877A000604D31 /* sampleSocialButtonUITests.xctest */,
			);
			name = Products;
			sourceTree = "<group>";
		};
		0BFF5AF71CD877A000604D31 /* sampleSocialButton */ = {
			isa = PBXGroup;
			children = (
				0BFF5AF81CD877A000604D31 /* AppDelegate.swift */,
				0BFF5AFA1CD877A000604D31 /* ViewController.swift */,
				0BFF5AFC1CD877A000604D31 /* Main.storyboard */,
				0BFF5AFF1CD877A000604D31 /* Assets.xcassets */,
				0BFF5B011CD877A000604D31 /* LaunchScreen.storyboard */,
				0BFF5B041CD877A000604D31 /* Info.plist */,
			);
			path = sampleSocialButton;
			sourceTree = "<group>";
		};
		0BFF5B0C1CD877A000604D31 /* sampleSocialButtonTests */ = {
			isa = PBXGroup;
			children = (
				0BFF5B0D1CD877A000604D31 /* sampleSocialButtonTests.swift */,
				0BFF5B0F1CD877A000604D31 /* Info.plist */,
			);
			path = sampleSocialButtonTests;
			sourceTree = "<group>";
		};
		0BFF5B171CD877A000604D31 /* sampleSocialButtonUITests */ = {
			isa = PBXGroup;
			children = (
				0BFF5B181CD877A000604D31 /* sampleSocialButtonUITests.swift */,
				0BFF5B1A1CD877A000604D31 /* Info.plist */,
			);
			path = sampleSocialButtonUITests;
			sourceTree = "<group>";
		};
/* End PBXGroup section */

/* Begin PBXNativeTarget section */
		0BFF5AF41CD877A000604D31 /* sampleSocialButton */ = {
			isa = PBXNativeTarget;
			buildConfigurationList = 0BFF5B1D1CD877A000604D31 /* Build configuration list for PBXNativeTarget "sampleSocialButton" */;
			buildPhases = (
				0BFF5AF11CD877A000604D31 /* Sources */,
				0BFF5AF21CD877A000604D31 /* Frameworks */,
				0BFF5AF31CD877A000604D31 /* Resources */,
			);
			buildRules = (
			);
			dependencies = (
			);
			name = sampleSocialButton;
			productName = sampleSocialButton;
			productReference = 0BFF5AF51CD877A000604D31 /* sampleSocialButton.app */;
			productType = "com.apple.product-type.application";
		};
		0BFF5B081CD877A000604D31 /* sampleSocialButtonTests */ = {
			isa = PBXNativeTarget;
			buildConfigurationList = 0BFF5B201CD877A000604D31 /* Build configuration list for PBXNativeTarget "sampleSocialButtonTests" */;
			buildPhases = (
				0BFF5B051CD877A000604D31 /* Sources */,
				0BFF5B061CD877A000604D31 /* Frameworks */,
				0BFF5B071CD877A000604D31 /* Resources */,
			);
			buildRules = (
			);
			dependencies = (
				0BFF5B0B1CD877A000604D31 /* PBXTargetDependency */,
			);
			name = sampleSocialButtonTests;
			productName = sampleSocialButtonTests;
			productReference = 0BFF5B091CD877A000604D31 /* sampleSocialButtonTests.xctest */;
			productType = "com.apple.product-type.bundle.unit-test";
		};
		0BFF5B131CD877A000604D31 /* sampleSocialButtonUITests */ = {
			isa = PBXNativeTarget;
			buildConfigurationList = 0BFF5B231CD877A000604D31 /* Build configuration list for PBXNativeTarget "sampleSocialButtonUITests" */;
			buildPhases = (
				0BFF5B101CD877A000604D31 /* Sources */,
				0BFF5B111CD877A000604D31 /* Frameworks */,
				0BFF5B121CD877A000604D31 /* Resources */,
			);
			buildRules = (
			);
			dependencies = (
				0BFF5B161CD877A000604D31 /* PBXTargetDependency */,
			);
			name = sampleSocialButtonUITests;
			productName = sampleSocialButtonUITests;
			productReference = 0BFF5B141CD877A000604D31 /* sampleSocialButtonUITests.xctest */;
			productType = "com.apple.product-type.bundle.ui-testing";
		};
/* End PBXNativeTarget section */

/* Begin PBXProject section */
		0BFF5AED1CD877A000604D31 /* Project object */ = {
			isa = PBXProject;
			attributes = {
				LastSwiftUpdateCheck = 0720;
				LastUpgradeCheck = 0720;
				ORGANIZATIONNAME = "RIho OKubo";
				TargetAttributes = {
					0BFF5AF41CD877A000604D31 = {
						CreatedOnToolsVersion = 7.2.1;
					};
					0BFF5B081CD877A000604D31 = {
						CreatedOnToolsVersion = 7.2.1;
						TestTargetID = 0BFF5AF41CD877A000604D31;
					};
					0BFF5B131CD877A000604D31 = {
						CreatedOnToolsVersion = 7.2.1;
						TestTargetID = 0BFF5AF41CD877A000604D31;
					};
				};
			};
			buildConfigurationList = 0BFF5AF01CD877A000604D31 /* Build configuration list for PBXProject "sampleSocialButton" */;
			compatibilityVersion = "Xcode 3.2";
			developmentRegion = English;
			hasScannedForEncodings = 0;
			knownRegions = (
				en,
				Base,
			);
			mainGroup = 0BFF5AEC1CD877A000604D31;
			productRefGroup = 0BFF5AF61CD877A000604D31 /* Products */;
			projectDirPath = "";
			projectRoot = "";
			targets = (
				0BFF5AF41CD877A000604D31 /* sampleSocialButton */,
				0BFF5B081CD877A000604D31 /* sampleSocialButtonTests */,
				0BFF5B131CD877A000604D31 /* sampleSocialButtonUITests */,
			);
		};
/* End PBXProject section */

/* Begin PBXResourcesBuildPhase section */
		0BFF5AF31CD877A000604D31 /* Resources */ = {
			isa = PBXResourcesBuildPhase;
			buildActionMask = 2147483647;
			files = (
				0BFF5B031CD877A000604D31 /* LaunchScreen.storyboard in Resources */,
				0BFF5B001CD877A000604D31 /* Assets.xcassets in Resources */,
				0BFF5AFE1CD877A000604D31 /* Main.storyboard in Resources */,
			);
			runOnlyForDeploymentPostprocessing = 0;
		};
		0BFF5B071CD877A000604D31 /* Resources */ = {
			isa = PBXResourcesBuildPhase;
			buildActionMask = 2147483647;
			files = (
			);
			runOnlyForDeploymentPostprocessing = 0;
		};
		0BFF5B121CD877A000604D31 /* Resources */ = {
			isa = PBXResourcesBuildPhase;
			buildActionMask = 2147483647;
			files = (
			);
			runOnlyForDeploymentPostprocessing = 0;
		};
/* End PBXResourcesBuildPhase section */

/* Begin PBXSourcesBuildPhase section */
		0BFF5AF11CD877A000604D31 /* Sources */ = {
			isa = PBXSourcesBuildPhase;
			buildActionMask = 2147483647;
			files = (
				0BFF5AFB1CD877A000604D31 /* ViewController.swift in Sources */,
				0BFF5AF91CD877A000604D31 /* AppDelegate.swift in Sources */,
			);
			runOnlyForDeploymentPostprocessing = 0;
		};
		0BFF5B051CD877A000604D31 /* Sources */ = {
			isa = PBXSourcesBuildPhase;
			buildActionMask = 2147483647;
			files = (
				0BFF5B0E1CD877A000604D31 /* sampleSocialButtonTests.swift in Sources */,
			);
			runOnlyForDeploymentPostprocessing = 0;
		};
		0BFF5B101CD877A000604D31 /* Sources */ = {
			isa = PBXSourcesBuildPhase;
			buildActionMask = 2147483647;
			files = (
				0BFF5B191CD877A000604D31 /* sampleSocialButtonUITests.swift in Sources */,
			);
			runOnlyForDeploymentPostprocessing = 0;
		};
/* End PBXSourcesBuildPhase section */

/* Begin PBXTargetDependency section */
		0BFF5B0B1CD877A000604D31 /* PBXTargetDependency */ = {
			isa = PBXTargetDependency;
			target = 0BFF5AF41CD877A000604D31 /* sampleSocialButton */;
			targetProxy = 0BFF5B0A1CD877A000604D31 /* PBXContainerItemProxy */;
		};
		0BFF5B161CD877A000604D31 /* PBXTargetDependency */ = {
			isa = PBXTargetDependency;
			target = 0BFF5AF41CD877A000604D31 /* sampleSocialButton */;
			targetProxy = 0BFF5B151CD877A000604D31 /* PBXContainerItemProxy */;
		};
/* End PBXTargetDependency section */

/* Begin PBXVariantGroup section */
		0BFF5AFC1CD877A000604D31 /* Main.storyboard */ = {
			isa = PBXVariantGroup;
			children = (
				0BFF5AFD1CD877A000604D31 /* Base */,
			);
			name = Main.storyboard;
			sourceTree = "<group>";
		};
		0BFF5B011CD877A000604D31 /* LaunchScreen.storyboard */ = {
			isa = PBXVariantGroup;
			children = (
				0BFF5B021CD877A000604D31 /* Base */,
			);
			name = LaunchScreen.storyboard;
			sourceTree = "<group>";
		};
/* End PBXVariantGroup section */

/* Begin XCBuildConfiguration section */
		0BFF5B1B1CD877A000604D31 /* Debug */ = {
			isa = XCBuildConfiguration;
			buildSettings = {
				ALWAYS_SEARCH_USER_PATHS = NO;
				CLANG_CXX_LANGUAGE_STANDARD = "gnu++0x";
				CLANG_CXX_LIBRARY = "libc++";
				CLANG_ENABLE_MODULES = YES;
				CLANG_ENABLE_OBJC_ARC = YES;
				CLANG_WARN_BOOL_CONVERSION = YES;
				CLANG_WARN_CONSTANT_CONVERSION = YES;
				CLANG_WARN_DIRECT_OBJC_ISA_USAGE = YES_ERROR;
				CLANG_WARN_EMPTY_BODY = YES;
				CLANG_WARN_ENUM_CONVERSION = YES;
				CLANG_WARN_INT_CONVERSION = YES;
				CLANG_WARN_OBJC_ROOT_CLASS = YES_ERROR;
				CLANG_WARN_UNREACHABLE_CODE = YES;
				CLANG_WARN__DUPLICATE_METHOD_MATCH = YES;
				"CODE_SIGN_IDENTITY[sdk=iphoneos*]" = "iPhone Developer";
				COPY_PHASE_STRIP = NO;
				DEBUG_INFORMATION_FORMAT = dwarf;
				ENABLE_STRICT_OBJC_MSGSEND = YES;
				ENABLE_TESTABILITY = YES;
				GCC_C_LANGUAGE_STANDARD = gnu99;
				GCC_DYNAMIC_NO_PIC = NO;
				GCC_NO_COMMON_BLOCKS = YES;
				GCC_OPTIMIZATION_LEVEL = 0;
				GCC_PREPROCESSOR_DEFINITIONS = (
					"DEBUG=1",
					"$(inherited)",
				);
				GCC_WARN_64_TO_32_BIT_CONVERSION = YES;
				GCC_WARN_ABOUT_RETURN_TYPE = YES_ERROR;
				GCC_WARN_UNDECLARED_SELECTOR = YES;
				GCC_WARN_UNINITIALIZED_AUTOS = YES_AGGRESSIVE;
				GCC_WARN_UNUSED_FUNCTION = YES;
				GCC_WARN_UNUSED_VARIABLE = YES;
				IPHONEOS_DEPLOYMENT_TARGET = 9.2;
				MTL_ENABLE_DEBUG_INFO = YES;
				ONLY_ACTIVE_ARCH = YES;
				SDKROOT = iphoneos;
				SWIFT_OPTIMIZATION_LEVEL = "-Onone";
			};
			name = Debug;
		};
		0BFF5B1C1CD877A000604D31 /* Release */ = {
			isa = XCBuildConfiguration;
			buildSettings = {
				ALWAYS_SEARCH_USER_PATHS = NO;
				CLANG_CXX_LANGUAGE_STANDARD = "gnu++0x";
				CLANG_CXX_LIBRARY = "libc++";
				CLANG_ENABLE_MODULES = YES;
				CLANG_ENABLE_OBJC_ARC = YES;
				CLANG_WARN_BOOL_CONVERSION = YES;
				CLANG_WARN_CONSTANT_CONVERSION = YES;
				CLANG_WARN_DIRECT_OBJC_ISA_USAGE = YES_ERROR;
				CLANG_WARN_EMPTY_BODY = YES;
				CLANG_WARN_ENUM_CONVERSION = YES;
				CLANG_WARN_INT_CONVERSION = YES;
				CLANG_WARN_OBJC_ROOT_CLASS = YES_ERROR;
				CLANG_WARN_UNREACHABLE_CODE = YES;
				CLANG_WARN__DUPLICATE_METHOD_MATCH = YES;
				"CODE_SIGN_IDENTITY[sdk=iphoneos*]" = "iPhone Developer";
				COPY_PHASE_STRIP = NO;
				DEBUG_INFORMATION_FORMAT = "dwarf-with-dsym";
				ENABLE_NS_ASSERTIONS = NO;
				ENABLE_STRICT_OBJC_MSGSEND = YES;
				GCC_C_LANGUAGE_STANDARD = gnu99;
				GCC_NO_COMMON_BLOCKS = YES;
				GCC_WARN_64_TO_32_BIT_CONVERSION = YES;
				GCC_WARN_ABOUT_RETURN_TYPE = YES_ERROR;
				GCC_WARN_UNDECLARED_SELECTOR = YES;
				GCC_WARN_UNINITIALIZED_AUTOS = YES_AGGRESSIVE;
				GCC_WARN_UNUSED_FUNCTION = YES;
				GCC_WARN_UNUSED_VARIABLE = YES;
				IPHONEOS_DEPLOYMENT_TARGET = 9.2;
				MTL_ENABLE_DEBUG_INFO = NO;
				SDKROOT = iphoneos;
				VALIDATE_PRODUCT = YES;
			};
			name = Release;
		};
		0BFF5B1E1CD877A000604D31 /* Debug */ = {
			isa = XCBuildConfiguration;
			buildSettings = {
				ASSETCATALOG_COMPILER_APPICON_NAME = AppIcon;
				INFOPLIST_FILE = sampleSocialButton/Info.plist;
				LD_RUNPATH_SEARCH_PATHS = "$(inherited) @executable_path/Frameworks";
				PRODUCT_BUNDLE_IDENTIFIER = com.rihookubo.sampleSocialButton;
				PRODUCT_NAME = "$(TARGET_NAME)";
			};
			name = Debug;
		};
		0BFF5B1F1CD877A000604D31 /* Release */ = {
			isa = XCBuildConfiguration;
			buildSettings = {
				ASSETCATALOG_COMPILER_APPICON_NAME = AppIcon;
				INFOPLIST_FILE = sampleSocialButton/Info.plist;
				LD_RUNPATH_SEARCH_PATHS = "$(inherited) @executable_path/Frameworks";
				PRODUCT_BUNDLE_IDENTIFIER = com.rihookubo.sampleSocialButton;
				PRODUCT_NAME = "$(TARGET_NAME)";
			};
			name = Release;
		};
		0BFF5B211CD877A000604D31 /* Debug */ = {
			isa = XCBuildConfiguration;
			buildSettings = {
				BUNDLE_LOADER = "$(TEST_HOST)";
				INFOPLIST_FILE = sampleSocialButtonTests/Info.plist;
				LD_RUNPATH_SEARCH_PATHS = "$(inherited) @executable_path/Frameworks @loader_path/Frameworks";
				PRODUCT_BUNDLE_IDENTIFIER = com.rihookubo.sampleSocialButtonTests;
				PRODUCT_NAME = "$(TARGET_NAME)";
				TEST_HOST = "$(BUILT_PRODUCTS_DIR)/sampleSocialButton.app/sampleSocialButton";
			};
			name = Debug;
		};
		0BFF5B221CD877A000604D31 /* Release */ = {
			isa = XCBuildConfiguration;
			buildSettings = {
				BUNDLE_LOADER = "$(TEST_HOST)";
				INFOPLIST_FILE = sampleSocialButtonTests/Info.plist;
				LD_RUNPATH_SEARCH_PATHS = "$(inherited) @executable_path/Frameworks @loader_path/Frameworks";
				PRODUCT_BUNDLE_IDENTIFIER = com.rihookubo.sampleSocialButtonTests;
				PRODUCT_NAME = "$(TARGET_NAME)";
				TEST_HOST = "$(BUILT_PRODUCTS_DIR)/sampleSocialButton.app/sampleSocialButton";
			};
			name = Release;
		};
		0BFF5B241CD877A000604D31 /* Debug */ = {
			isa = XCBuildConfiguration;
			buildSettings = {
				INFOPLIST_FILE = sampleSocialButtonUITests/Info.plist;
				LD_RUNPATH_SEARCH_PATHS = "$(inherited) @executable_path/Frameworks @loader_path/Frameworks";
				PRODUCT_BUNDLE_IDENTIFIER = com.rihookubo.sampleSocialButtonUITests;
				PRODUCT_NAME = "$(TARGET_NAME)";
				TEST_TARGET_NAME = sampleSocialButton;
				USES_XCTRUNNER = YES;
			};
			name = Debug;
		};
		0BFF5B251CD877A000604D31 /* Release */ = {
			isa = XCBuildConfiguration;
			buildSettings = {
				INFOPLIST_FILE = sampleSocialButtonUITests/Info.plist;
				LD_RUNPATH_SEARCH_PATHS = "$(inherited) @executable_path/Frameworks @loader_path/Frameworks";
				PRODUCT_BUNDLE_IDENTIFIER = com.rihookubo.sampleSocialButtonUITests;
				PRODUCT_NAME = "$(TARGET_NAME)";
				TEST_TARGET_NAME = sampleSocialButton;
				USES_XCTRUNNER = YES;
			};
			name = Release;
		};
/* End XCBuildConfiguration section */

/* Begin XCConfigurationList section */
		0BFF5AF01CD877A000604D31 /* Build configuration list for PBXProject "sampleSocialButton" */ = {
			isa = XCConfigurationList;
			buildConfigurations = (
				0BFF5B1B1CD877A000604D31 /* Debug */,
				0BFF5B1C1CD877A000604D31 /* Release */,
			);
			defaultConfigurationIsVisible = 0;
			defaultConfigurationName = Release;
		};
		0BFF5B1D1CD877A000604D31 /* Build configuration list for PBXNativeTarget "sampleSocialButton" */ = {
			isa = XCConfigurationList;
			buildConfigurations = (
				0BFF5B1E1CD877A000604D31 /* Debug */,
				0BFF5B1F1CD877A000604D31 /* Release */,
			);
			defaultConfigurationIsVisible = 0;
		};
		0BFF5B201CD877A000604D31 /* Build configuration list for PBXNativeTarget "sampleSocialButtonTests" */ = {
			isa = XCConfigurationList;
			buildConfigurations = (
				0BFF5B211CD877A000604D31 /* Debug */,
				0BFF5B221CD877A000604D31 /* Release */,
			);
			defaultConfigurationIsVisible = 0;
		};
		0BFF5B231CD877A000604D31 /* Build configuration list for PBXNativeTarget "sampleSocialButtonUITests" */ = {
			isa = XCConfigurationList;
			buildConfigurations = (
				0BFF5B241CD877A000604D31 /* Debug */,
				0BFF5B251CD877A000604D31 /* Release */,
			);
			defaultConfigurationIsVisible = 0;
		};
/* End XCConfigurationList section */
	};
	rootObject = 0BFF5AED1CD877A000604D31 /* Project object */;
}
